
Microsoft Visual Studio Solution File, Format Version 12.00
# Visual Studio Version 16
VisualStudioVersion = 16.0.30517.126
MinimumVisualStudioVersion = 10.0.40219.1
Project("{8BC9CEB8-8B4A-11D0-8D11-00A0C91BC942}") = "SkipList", "SkipList.vcxproj", "{AC1604F9-067D-4101-A78A-C373A20E50C2}"
EndProject
Global
	GlobalSection(SolutionConfigurationPlatforms) = preSolution
		Debug|x64 = Debug|x64
		Debug|x86 = Debug|x86
		Release|x64 = Release|x64
		Release|x86 = Release|x86
	EndGlobalSection
	GlobalSection(ProjectConfigurationPlatforms) = postSolution
		{AC1604F9-067D-4101-A78A-C373A20E50C2}.Debug|x64.ActiveCfg = Debug|x64
		{AC1604F9-067D-4101-A78A-C373A20E50C2}.Debug|x64.Build.0 = Debug|x64
		{AC1604F9-067D-4101-A78A-C373A20E50C2}.Debug|x86.ActiveCfg = Debug|Win32
		{AC1604F9-067D-4101-A78A-C373A20E50C2}.Debug|x86.Build.0 = Debug|Win32
		{AC1604F9-067D-4101-A78A-C373A20E50C2}.Release|x64.ActiveCfg = Release|x64
		{AC1604F9-067D-4101-A78A-C373A20E50C2}.Release|x64.Build.0 = Release|x64
		{AC1604F9-067D-4101-A78A-C373A20E50C2}.Release|x86.ActiveCfg = Release|Win32
		{AC1604F9-067D-4101-A78A-C373A20E50C2}.Release|x86.Build.0 = Release|Win32
	EndGlobalSection
	GlobalSection(SolutionProperties) = preSolution
		HideSolutionNode = FALSE
	EndGlobalSection
	GlobalSection(ExtensibilityGlobals) = postSolution
		SolutionGuid = {D241FD9C-8055-44BC-A48E-32088817446D}
	EndGlobalSection
EndGlobal
